<?xml version="1.0" encoding="utf-8"?>
<Project ToolsVersion="4.0" xmlns="http://schemas.microsoft.com/developer/msbuild/2003">
  <ItemGroup>
    <ClCompile Include="writer.cpp" />
    <ClCompile Include="readme.cc" />
  </ItemGroup>
  <ItemGroup>
    <Filter Include="common">
      <UniqueIdentifier>{40c83306-0ac5-40aa-8ed0-730001946b4f}</UniqueIdentifier>
    </Filter>
  </ItemGroup>
  <ItemGroup>
    <ClInclude Include="..\include\common.h">
      <Filter>common</Filter>
    </ClInclude>
  </ItemGroup>
</Project>